
Microsoft Visual Studio Solution File, Format Version 12.00
# Visual Studio Version 17
VisualStudioVersion = 17.7.34031.279
MinimumVisualStudioVersion = 10.0.40219.1
Project("{FAE04EC0-301F-11D3-BF4B-00C04F79EFBC}") = "Tasks", "Tasks.csproj", "{CB68E97D-BC14-4DA6-914A-A82D41AB113C}"
EndProject
Global
	GlobalSection(SolutionConfigurationPlatforms) = preSolution
		Debug|Any CPU = Debug|Any CPU
		Release|Any CPU = Release|Any CPU
	EndGlobalSection
	GlobalSection(ProjectConfigurationPlatforms) = postSolution
		{CB68E97D-BC14-4DA6-914A-A82D41AB113C}.Debug|Any CPU.ActiveCfg = Debug|Any CPU
		{CB68E97D-BC14-4DA6-914A-A82D41AB113C}.Debug|Any CPU.Build.0 = Debug|Any CPU
		{CB68E97D-BC14-4DA6-914A-A82D41AB113C}.Release|Any CPU.ActiveCfg = Release|Any CPU
		{CB68E97D-BC14-4DA6-914A-A82D41AB113C}.Release|Any CPU.Build.0 = Release|Any CPU
	EndGlobalSection
	GlobalSection(SolutionProperties) = preSolution
		HideSolutionNode = FALSE
	EndGlobalSection
	GlobalSection(ExtensibilityGlobals) = postSolution
		SolutionGuid = {6E32F11D-EE72-45F1-8151-482C57C080ED}
	EndGlobalSection
EndGlobal
